
Microsoft Visual Studio Solution File, Format Version 12.00
# Visual Studio Version 16
VisualStudioVersion = 16.0.30523.141
MinimumVisualStudioVersion = 10.0.40219.1
Project("{8BC9CEB8-8B4A-11D0-8D11-00A0C91BC942}") = "IITP_Project", "IITP_Project\IITP_Project.vcxproj", "{02311D12-3ACB-4C67-8F8C-8085AFFDDFF2}"
EndProject
Global
	GlobalSection(SolutionConfigurationPlatforms) = preSolution
		Debug|x64 = Debug|x64
		Release|x64 = Release|x64
	EndGlobalSection
	GlobalSection(ProjectConfigurationPlatforms) = postSolution
		{02311D12-3ACB-4C67-8F8C-8085AFFDDFF2}.Debug|x64.ActiveCfg = Debug|x64
		{02311D12-3ACB-4C67-8F8C-8085AFFDDFF2}.Debug|x64.Build.0 = Debug|x64
		{02311D12-3ACB-4C67-8F8C-8085AFFDDFF2}.Release|x64.ActiveCfg = Release|x64
		{02311D12-3ACB-4C67-8F8C-8085AFFDDFF2}.Release|x64.Build.0 = Release|x64
	EndGlobalSection
	GlobalSection(SolutionProperties) = preSolution
		HideSolutionNode = FALSE
	EndGlobalSection
	GlobalSection(ExtensibilityGlobals) = postSolution
		SolutionGuid = {F05397E0-B0EB-42D6-8162-0E7A5E3F581B}
	EndGlobalSection
EndGlobal
